
Microsoft Visual Studio Solution File, Format Version 12.00
# Visual Studio Version 17
VisualStudioVersion = 17.0.32014.148
MinimumVisualStudioVersion = 10.0.40219.1
Project("{2150E333-8FDC-42A3-9474-1A3956D46DE8}") = "Web", "Web", "{22954260-EE07-45F4-B341-834400A51FC0}"
EndProject
Project("{2150E333-8FDC-42A3-9474-1A3956D46DE8}") = "Core", "Core", "{9AE28329-E93B-4E80-80FD-068A0F4793F3}"
EndProject
Project("{9A19103F-16F7-4668-BE54-9A1E7A4F7556}") = "Umvel.Customer.API", "..\Umvel.Customer.API\Umvel.Customer.API.csproj", "{811658AD-45F5-489A-ADA5-CCEA399C273B}"
EndProject
Project("{9A19103F-16F7-4668-BE54-9A1E7A4F7556}") = "Umvel.Product.API", "..\Umvel.Product.API\Umvel.Product.API.csproj", "{66A2C236-62A2-440D-A68F-AEA250FEB3B8}"
EndProject
Project("{9A19103F-16F7-4668-BE54-9A1E7A4F7556}") = "Umvel.Sale.API", "..\Umvel.Sale.API\Umvel.Sale.API.csproj", "{08B9D376-84EF-4F4F-BAC4-FA3631275C84}"
EndProject
Project("{9A19103F-16F7-4668-BE54-9A1E7A4F7556}") = "Umvel.Contracts", "..\Umvel.Contracts\Umvel.Contracts.csproj", "{A09BB393-B959-4D7A-9F76-9721F4D2B9A0}"
EndProject
Project("{9A19103F-16F7-4668-BE54-9A1E7A4F7556}") = "Umvel.Core", "..\Umvel.Core\Umvel.Core.csproj", "{0C7D4016-0F23-4481-8E47-9151BFEF0AFE}"
EndProject
Project("{2150E333-8FDC-42A3-9474-1A3956D46DE8}") = "Persistence", "Persistence", "{C213A084-9AAA-490D-B078-A611FD6604C0}"
EndProject
Project("{9A19103F-16F7-4668-BE54-9A1E7A4F7556}") = "Umvel.Infrastructure", "..\Umvel.Infrastructure\Umvel.Infrastructure.csproj", "{00FDCA0A-2FFD-4F11-83C2-8F590D5329DE}"
EndProject
Project("{2150E333-8FDC-42A3-9474-1A3956D46DE8}") = "Scripts", "Scripts", "{627B2208-9812-413B-BB85-EA93F49B0725}"
	ProjectSection(SolutionItems) = preProject
		CreateDatabaseSchema.sql = CreateDatabaseSchema.sql
	EndProjectSection
EndProject
Project("{2150E333-8FDC-42A3-9474-1A3956D46DE8}") = "Test", "Test", "{B499C4FA-A38A-4F86-82A7-82A6527BDAD3}"
EndProject
Project("{FAE04EC0-301F-11D3-BF4B-00C04F79EFBC}") = "Umvel.UnitTests", "Umvel.UnitTests\Umvel.UnitTests.csproj", "{A11EC407-7415-472E-A791-39CD278CE817}"
EndProject
Global
	GlobalSection(SolutionConfigurationPlatforms) = preSolution
		Debug|Any CPU = Debug|Any CPU
		Release|Any CPU = Release|Any CPU
	EndGlobalSection
	GlobalSection(ProjectConfigurationPlatforms) = postSolution
		{811658AD-45F5-489A-ADA5-CCEA399C273B}.Debug|Any CPU.ActiveCfg = Debug|Any CPU
		{811658AD-45F5-489A-ADA5-CCEA399C273B}.Debug|Any CPU.Build.0 = Debug|Any CPU
		{811658AD-45F5-489A-ADA5-CCEA399C273B}.Release|Any CPU.ActiveCfg = Release|Any CPU
		{811658AD-45F5-489A-ADA5-CCEA399C273B}.Release|Any CPU.Build.0 = Release|Any CPU
		{66A2C236-62A2-440D-A68F-AEA250FEB3B8}.Debug|Any CPU.ActiveCfg = Debug|Any CPU
		{66A2C236-62A2-440D-A68F-AEA250FEB3B8}.Debug|Any CPU.Build.0 = Debug|Any CPU
		{66A2C236-62A2-440D-A68F-AEA250FEB3B8}.Release|Any CPU.ActiveCfg = Release|Any CPU
		{66A2C236-62A2-440D-A68F-AEA250FEB3B8}.Release|Any CPU.Build.0 = Release|Any CPU
		{08B9D376-84EF-4F4F-BAC4-FA3631275C84}.Debug|Any CPU.ActiveCfg = Debug|Any CPU
		{08B9D376-84EF-4F4F-BAC4-FA3631275C84}.Debug|Any CPU.Build.0 = Debug|Any CPU
		{08B9D376-84EF-4F4F-BAC4-FA3631275C84}.Release|Any CPU.ActiveCfg = Release|Any CPU
		{08B9D376-84EF-4F4F-BAC4-FA3631275C84}.Release|Any CPU.Build.0 = Release|Any CPU
		{A09BB393-B959-4D7A-9F76-9721F4D2B9A0}.Debug|Any CPU.ActiveCfg = Debug|Any CPU
		{A09BB393-B959-4D7A-9F76-9721F4D2B9A0}.Debug|Any CPU.Build.0 = Debug|Any CPU
		{A09BB393-B959-4D7A-9F76-9721F4D2B9A0}.Release|Any CPU.ActiveCfg = Release|Any CPU
		{A09BB393-B959-4D7A-9F76-9721F4D2B9A0}.Release|Any CPU.Build.0 = Release|Any CPU
		{0C7D4016-0F23-4481-8E47-9151BFEF0AFE}.Debug|Any CPU.ActiveCfg = Debug|Any CPU
		{0C7D4016-0F23-4481-8E47-9151BFEF0AFE}.Debug|Any CPU.Build.0 = Debug|Any CPU
		{0C7D4016-0F23-4481-8E47-9151BFEF0AFE}.Release|Any CPU.ActiveCfg = Release|Any CPU
		{0C7D4016-0F23-4481-8E47-9151BFEF0AFE}.Release|Any CPU.Build.0 = Release|Any CPU
		{00FDCA0A-2FFD-4F11-83C2-8F590D5329DE}.Debug|Any CPU.ActiveCfg = Debug|Any CPU
		{00FDCA0A-2FFD-4F11-83C2-8F590D5329DE}.Debug|Any CPU.Build.0 = Debug|Any CPU
		{00FDCA0A-2FFD-4F11-83C2-8F590D5329DE}.Release|Any CPU.ActiveCfg = Release|Any CPU
		{00FDCA0A-2FFD-4F11-83C2-8F590D5329DE}.Release|Any CPU.Build.0 = Release|Any CPU
		{A11EC407-7415-472E-A791-39CD278CE817}.Debug|Any CPU.ActiveCfg = Debug|Any CPU
		{A11EC407-7415-472E-A791-39CD278CE817}.Debug|Any CPU.Build.0 = Debug|Any CPU
		{A11EC407-7415-472E-A791-39CD278CE817}.Release|Any CPU.ActiveCfg = Release|Any CPU
		{A11EC407-7415-472E-A791-39CD278CE817}.Release|Any CPU.Build.0 = Release|Any CPU
	EndGlobalSection
	GlobalSection(SolutionProperties) = preSolution
		HideSolutionNode = FALSE
	EndGlobalSection
	GlobalSection(NestedProjects) = preSolution
		{811658AD-45F5-489A-ADA5-CCEA399C273B} = {22954260-EE07-45F4-B341-834400A51FC0}
		{66A2C236-62A2-440D-A68F-AEA250FEB3B8} = {22954260-EE07-45F4-B341-834400A51FC0}
		{08B9D376-84EF-4F4F-BAC4-FA3631275C84} = {22954260-EE07-45F4-B341-834400A51FC0}
		{A09BB393-B959-4D7A-9F76-9721F4D2B9A0} = {9AE28329-E93B-4E80-80FD-068A0F4793F3}
		{0C7D4016-0F23-4481-8E47-9151BFEF0AFE} = {9AE28329-E93B-4E80-80FD-068A0F4793F3}
		{00FDCA0A-2FFD-4F11-83C2-8F590D5329DE} = {C213A084-9AAA-490D-B078-A611FD6604C0}
		{A11EC407-7415-472E-A791-39CD278CE817} = {B499C4FA-A38A-4F86-82A7-82A6527BDAD3}
	EndGlobalSection
	GlobalSection(ExtensibilityGlobals) = postSolution
		SolutionGuid = {A7060805-7E77-426F-868E-54B88C3238F0}
	EndGlobalSection
EndGlobal
